
Microsoft Visual Studio Solution File, Format Version 12.00
# Visual Studio Version 17
VisualStudioVersion = 17.3.32922.545
MinimumVisualStudioVersion = 10.0.40219.1
Project("{FAE04EC0-301F-11D3-BF4B-00C04F79EFBC}") = "Exercise2", "Exercise2\Exercise2.csproj", "{95D923E9-2015-44CA-9A63-8C2D14A7914B}"
EndProject
Global
	GlobalSection(SolutionConfigurationPlatforms) = preSolution
		Debug|Any CPU = Debug|Any CPU
		Release|Any CPU = Release|Any CPU
	EndGlobalSection
	GlobalSection(ProjectConfigurationPlatforms) = postSolution
		{95D923E9-2015-44CA-9A63-8C2D14A7914B}.Debug|Any CPU.ActiveCfg = Debug|Any CPU
		{95D923E9-2015-44CA-9A63-8C2D14A7914B}.Debug|Any CPU.Build.0 = Debug|Any CPU
		{95D923E9-2015-44CA-9A63-8C2D14A7914B}.Release|Any CPU.ActiveCfg = Release|Any CPU
		{95D923E9-2015-44CA-9A63-8C2D14A7914B}.Release|Any CPU.Build.0 = Release|Any CPU
	EndGlobalSection
	GlobalSection(SolutionProperties) = preSolution
		HideSolutionNode = FALSE
	EndGlobalSection
	GlobalSection(ExtensibilityGlobals) = postSolution
		SolutionGuid = {D9B50B17-243A-4539-9EC2-82788EC0A7FD}
	EndGlobalSection
EndGlobal
